// !$*UTF8*$!
{
	archiveVersion = 1;
	classes = {
	};
	objectVersion = 46;
	objects = {

/* Begin PBXBuildFile section */
		883EBA1819C0C2CB00A0E8D8 /* Foundation.framework in Frameworks */ = {isa = PBXBuildFile; fileRef = 883EBA1719C0C2CB00A0E8D8 /* Foundation.framework */; };
		883EBA1A19C0C2CB00A0E8D8 /* CoreGraphics.framework in Frameworks */ = {isa = PBXBuildFile; fileRef = 883EBA1919C0C2CB00A0E8D8 /* CoreGraphics.framework */; };
		883EBA1C19C0C2CB00A0E8D8 /* UIKit.framework in Frameworks */ = {isa = PBXBuildFile; fileRef = 883EBA1B19C0C2CB00A0E8D8 /* UIKit.framework */; };
		883EBA2219C0C2CB00A0E8D8 /* InfoPlist.strings in Resources */ = {isa = PBXBuildFile; fileRef = 883EBA2019C0C2CB00A0E8D8 /* InfoPlist.strings */; };
		883EBA2419C0C2CB00A0E8D8 /* main.m in Sources */ = {isa = PBXBuildFile; fileRef = 883EBA2319C0C2CB00A0E8D8 /* main.m */; };
		883EBA2819C0C2CB00A0E8D8 /* TrailAppDelegate.m in Sources */ = {isa = PBXBuildFile; fileRef = 883EBA2719C0C2CB00A0E8D8 /* TrailAppDelegate.m */; };
		883EBA2B19C0C2CB00A0E8D8 /* Main.storyboard in Resources */ = {isa = PBXBuildFile; fileRef = 883EBA2919C0C2CB00A0E8D8 /* Main.storyboard */; };
		883EBA2E19C0C2CC00A0E8D8 /* TrailViewController.m in Sources */ = {isa = PBXBuildFile; fileRef = 883EBA2D19C0C2CC00A0E8D8 /* TrailViewController.m */; };
		883EBA3019C0C2CC00A0E8D8 /* Images.xcassets in Resources */ = {isa = PBXBuildFile; fileRef = 883EBA2F19C0C2CC00A0E8D8 /* Images.xcassets */; };
		883EBA3719C0C2CC00A0E8D8 /* XCTest.framework in Frameworks */ = {isa = PBXBuildFile; fileRef = 883EBA3619C0C2CC00A0E8D8 /* XCTest.framework */; };
		883EBA3819C0C2CC00A0E8D8 /* Foundation.framework in Frameworks */ = {isa = PBXBuildFile; fileRef = 883EBA1719C0C2CB00A0E8D8 /* Foundation.framework */; };
		883EBA3919C0C2CC00A0E8D8 /* UIKit.framework in Frameworks */ = {isa = PBXBuildFile; fileRef = 883EBA1B19C0C2CB00A0E8D8 /* UIKit.framework */; };
		883EBA4119C0C2CC00A0E8D8 /* InfoPlist.strings in Resources */ = {isa = PBXBuildFile; fileRef = 883EBA3F19C0C2CC00A0E8D8 /* InfoPlist.strings */; };
		883EBA4319C0C2CC00A0E8D8 /* TrailTests.m in Sources */ = {isa = PBXBuildFile; fileRef = 883EBA4219C0C2CC00A0E8D8 /* TrailTests.m */; };
/* End PBXBuildFile section */

/* Begin PBXContainerItemProxy section */
		883EBA3A19C0C2CC00A0E8D8 /* PBXContainerItemProxy */ = {
			isa = PBXContainerItemProxy;
			containerPortal = 883EBA0C19C0C2CB00A0E8D8 /* Project object */;
			proxyType = 1;
			remoteGlobalIDString = 883EBA1319C0C2CB00A0E8D8;
			remoteInfo = Trail;
		};
/* End PBXContainerItemProxy section */

/* Begin PBXFileReference section */
		883EBA1419C0C2CB00A0E8D8 /* Trail.app */ = {isa = PBXFileReference; explicitFileType = wrapper.application; includeInIndex = 0; path = Trail.app; sourceTree = BUILT_PRODUCTS_DIR; };
		883EBA1719C0C2CB00A0E8D8 /* Foundation.framework */ = {isa = PBXFileReference; lastKnownFileType = wrapper.framework; name = Foundation.framework; path = System/Library/Frameworks/Foundation.framework; sourceTree = SDKROOT; };
		883EBA1919C0C2CB00A0E8D8 /* CoreGraphics.framework */ = {isa = PBXFileReference; lastKnownFileType = wrapper.framework; name = CoreGraphics.framework; path = System/Library/Frameworks/CoreGraphics.framework; sourceTree = SDKROOT; };
		883EBA1B19C0C2CB00A0E8D8 /* UIKit.framework */ = {isa = PBXFileReference; lastKnownFileType = wrapper.framework; name = UIKit.framework; path = System/Library/Frameworks/UIKit.framework; sourceTree = SDKROOT; };
		883EBA1F19C0C2CB00A0E8D8 /* Trail-Info.plist */ = {isa = PBXFileReference; lastKnownFileType = text.plist.xml; path = "Trail-Info.plist"; sourceTree = "<group>"; };
		883EBA2119C0C2CB00A0E8D8 /* en */ = {isa = PBXFileReference; lastKnownFileType = text.plist.strings; name = en; path = en.lproj/InfoPlist.strings; sourceTree = "<group>"; };
		883EBA2319C0C2CB00A0E8D8 /* main.m */ = {isa = PBXFileReference; lastKnownFileType = sourcecode.c.objc; path = main.m; sourceTree = "<group>"; };
		883EBA2519C0C2CB00A0E8D8 /* Trail-Prefix.pch */ = {isa = PBXFileReference; lastKnownFileType = sourcecode.c.h; path = "Trail-Prefix.pch"; sourceTree = "<group>"; };
		883EBA2619C0C2CB00A0E8D8 /* TrailAppDelegate.h */ = {isa = PBXFileReference; lastKnownFileType = sourcecode.c.h; path = TrailAppDelegate.h; sourceTree = "<group>"; };
		883EBA2719C0C2CB00A0E8D8 /* TrailAppDelegate.m */ = {isa = PBXFileReference; lastKnownFileType = sourcecode.c.objc; path = TrailAppDelegate.m; sourceTree = "<group>"; };
		883EBA2A19C0C2CB00A0E8D8 /* Base */ = {isa = PBXFileReference; lastKnownFileType = file.storyboard; name = Base; path = Base.lproj/Main.storyboard; sourceTree = "<group>"; };
		883EBA2C19C0C2CC00A0E8D8 /* TrailViewController.h */ = {isa = PBXFileReference; lastKnownFileType = sourcecode.c.h; path = TrailViewController.h; sourceTree = "<group>"; };
		883EBA2D19C0C2CC00A0E8D8 /* TrailViewController.m */ = {isa = PBXFileReference; lastKnownFileType = sourcecode.c.objc; path = TrailViewController.m; sourceTree = "<group>"; };
		883EBA2F19C0C2CC00A0E8D8 /* Images.xcassets */ = {isa = PBXFileReference; lastKnownFileType = folder.assetcatalog; path = Images.xcassets; sourceTree = "<group>"; };
		883EBA3519C0C2CC00A0E8D8 /* TrailTests.xctest */ = {isa = PBXFileReference; explicitFileType = wrapper.cfbundle; includeInIndex = 0; path = TrailTests.xctest; sourceTree = BUILT_PRODUCTS_DIR; };
		883EBA3619C0C2CC00A0E8D8 /* XCTest.framework */ = {isa = PBXFileReference; lastKnownFileType = wrapper.framework; name = XCTest.framework; path = Library/Frameworks/XCTest.framework; sourceTree = DEVELOPER_DIR; };
		883EBA3E19C0C2CC00A0E8D8 /* TrailTests-Info.plist */ = {isa = PBXFileReference; lastKnownFileType = text.plist.xml; path = "TrailTests-Info.plist"; sourceTree = "<group>"; };
		883EBA4019C0C2CC00A0E8D8 /* en */ = {isa = PBXFileReference; lastKnownFileType = text.plist.strings; name = en; path = en.lproj/InfoPlist.strings; sourceTree = "<group>"; };
		883EBA4219C0C2CC00A0E8D8 /* TrailTests.m */ = {isa = PBXFileReference; lastKnownFileType = sourcecode.c.objc; path = TrailTests.m; sourceTree = "<group>"; };
/* End PBXFileReference section */

/* Begin PBXFrameworksBuildPhase section */
		883EBA1119C0C2CB00A0E8D8 /* Frameworks */ = {
			isa = PBXFrameworksBuildPhase;
			buildActionMask = 2147483647;
			files = (
				883EBA1A19C0C2CB00A0E8D8 /* CoreGraphics.framework in Frameworks */,
				883EBA1C19C0C2CB00A0E8D8 /* UIKit.framework in Frameworks */,
				883EBA1819C0C2CB00A0E8D8 /* Foundation.framework in Frameworks */,
			);
			runOnlyForDeploymentPostprocessing = 0;
		};
		883EBA3219C0C2CC00A0E8D8 /* Frameworks */ = {
			isa = PBXFrameworksBuildPhase;
			buildActionMask = 2147483647;
			files = (
				883EBA3719C0C2CC00A0E8D8 /* XCTest.framework in Frameworks */,
				883EBA3919C0C2CC00A0E8D8 /* UIKit.framework in Frameworks */,
				883EBA3819C0C2CC00A0E8D8 /* Foundation.framework in Frameworks */,
			);
			runOnlyForDeploymentPostprocessing = 0;
		};
/* End PBXFrameworksBuildPhase section */

/* Begin PBXGroup section */
		883EBA0B19C0C2CB00A0E8D8 = {
			isa = PBXGroup;
			children = (
				883EBA1D19C0C2CB00A0E8D8 /* Trail */,
				883EBA3C19C0C2CC00A0E8D8 /* TrailTests */,
				883EBA1619C0C2CB00A0E8D8 /* Frameworks */,
				883EBA1519C0C2CB00A0E8D8 /* Products */,
			);
			sourceTree = "<group>";
		};
		883EBA1519C0C2CB00A0E8D8 /* Products */ = {
			isa = PBXGroup;
			children = (
				883EBA1419C0C2CB00A0E8D8 /* Trail.app */,
				883EBA3519C0C2CC00A0E8D8 /* TrailTests.xctest */,
			);
			name = Products;
			sourceTree = "<group>";
		};
		883EBA1619C0C2CB00A0E8D8 /* Frameworks */ = {
			isa = PBXGroup;
			children = (
				883EBA1719C0C2CB00A0E8D8 /* Foundation.framework */,
				883EBA1919C0C2CB00A0E8D8 /* CoreGraphics.framework */,
				883EBA1B19C0C2CB00A0E8D8 /* UIKit.framework */,
				883EBA3619C0C2CC00A0E8D8 /* XCTest.framework */,
			);
			name = Frameworks;
			sourceTree = "<group>";
		};
		883EBA1D19C0C2CB00A0E8D8 /* Trail */ = {
			isa = PBXGroup;
			children = (
				883EBA2619C0C2CB00A0E8D8 /* TrailAppDelegate.h */,
				883EBA2719C0C2CB00A0E8D8 /* TrailAppDelegate.m */,
				883EBA2919C0C2CB00A0E8D8 /* Main.storyboard */,
				883EBA2C19C0C2CC00A0E8D8 /* TrailViewController.h */,
				883EBA2D19C0C2CC00A0E8D8 /* TrailViewController.m */,
				883EBA2F19C0C2CC00A0E8D8 /* Images.xcassets */,
				883EBA1E19C0C2CB00A0E8D8 /* Supporting Files */,
			);
			path = Trail;
			sourceTree = "<group>";
		};
		883EBA1E19C0C2CB00A0E8D8 /* Supporting Files */ = {
			isa = PBXGroup;
			children = (
				883EBA1F19C0C2CB00A0E8D8 /* Trail-Info.plist */,
				883EBA2019C0C2CB00A0E8D8 /* InfoPlist.strings */,
				883EBA2319C0C2CB00A0E8D8 /* main.m */,
				883EBA2519C0C2CB00A0E8D8 /* Trail-Prefix.pch */,
			);
			name = "Supporting Files";
			sourceTree = "<group>";
		};
		883EBA3C19C0C2CC00A0E8D8 /* TrailTests */ = {
			isa = PBXGroup;
			children = (
				883EBA4219C0C2CC00A0E8D8 /* TrailTests.m */,
				883EBA3D19C0C2CC00A0E8D8 /* Supporting Files */,
			);
			path = TrailTests;
			sourceTree = "<group>";
		};
		883EBA3D19C0C2CC00A0E8D8 /* Supporting Files */ = {
			isa = PBXGroup;
			children = (
				883EBA3E19C0C2CC00A0E8D8 /* TrailTests-Info.plist */,
				883EBA3F19C0C2CC00A0E8D8 /* InfoPlist.strings */,
			);
			name = "Supporting Files";
			sourceTree = "<group>";
		};
/* End PBXGroup section */

/* Begin PBXNativeTarget section */
		883EBA1319C0C2CB00A0E8D8 /* Trail */ = {
			isa = PBXNativeTarget;
			buildConfigurationList = 883EBA4619C0C2CC00A0E8D8 /* Build configuration list for PBXNativeTarget "Trail" */;
			buildPhases = (
				883EBA1019C0C2CB00A0E8D8 /* Sources */,
				883EBA1119C0C2CB00A0E8D8 /* Frameworks */,
				883EBA1219C0C2CB00A0E8D8 /* Resources */,
			);
			buildRules = (
			);
			dependencies = (
			);
			name = Trail;
			productName = Trail;
			productReference = 883EBA1419C0C2CB00A0E8D8 /* Trail.app */;
			productType = "com.apple.product-type.application";
		};
		883EBA3419C0C2CC00A0E8D8 /* TrailTests */ = {
			isa = PBXNativeTarget;
			buildConfigurationList = 883EBA4919C0C2CC00A0E8D8 /* Build configuration list for PBXNativeTarget "TrailTests" */;
			buildPhases = (
				883EBA3119C0C2CC00A0E8D8 /* Sources */,
				883EBA3219C0C2CC00A0E8D8 /* Frameworks */,
				883EBA3319C0C2CC00A0E8D8 /* Resources */,
			);
			buildRules = (
			);
			dependencies = (
				883EBA3B19C0C2CC00A0E8D8 /* PBXTargetDependency */,
			);
			name = TrailTests;
			productName = TrailTests;
			productReference = 883EBA3519C0C2CC00A0E8D8 /* TrailTests.xctest */;
			productType = "com.apple.product-type.bundle.unit-test";
		};
/* End PBXNativeTarget section */

/* Begin PBXProject section */
		883EBA0C19C0C2CB00A0E8D8 /* Project object */ = {
			isa = PBXProject;
			attributes = {
				CLASSPREFIX = Trail;
				LastUpgradeCheck = 0510;
				ORGANIZATIONNAME = Qlovur;
				TargetAttributes = {
					883EBA3419C0C2CC00A0E8D8 = {
						TestTargetID = 883EBA1319C0C2CB00A0E8D8;
					};
				};
			};
			buildConfigurationList = 883EBA0F19C0C2CB00A0E8D8 /* Build configuration list for PBXProject "Trail" */;
			compatibilityVersion = "Xcode 3.2";
			developmentRegion = English;
			hasScannedForEncodings = 0;
			knownRegions = (
				en,
				Base,
			);
			mainGroup = 883EBA0B19C0C2CB00A0E8D8;
			productRefGroup = 883EBA1519C0C2CB00A0E8D8 /* Products */;
			projectDirPath = "";
			projectRoot = "";
			targets = (
				883EBA1319C0C2CB00A0E8D8 /* Trail */,
				883EBA3419C0C2CC00A0E8D8 /* TrailTests */,
			);
		};
/* End PBXProject section */

/* Begin PBXResourcesBuildPhase section */
		883EBA1219C0C2CB00A0E8D8 /* Resources */ = {
			isa = PBXResourcesBuildPhase;
			buildActionMask = 2147483647;
			files = (
				883EBA3019C0C2CC00A0E8D8 /* Images.xcassets in Resources */,
				883EBA2219C0C2CB00A0E8D8 /* InfoPlist.strings in Resources */,
				883EBA2B19C0C2CB00A0E8D8 /* Main.storyboard in Resources */,
			);
			runOnlyForDeploymentPostprocessing = 0;
		};
		883EBA3319C0C2CC00A0E8D8 /* Resources */ = {
			isa = PBXResourcesBuildPhase;
			buildActionMask = 2147483647;
			files = (
				883EBA4119C0C2CC00A0E8D8 /* InfoPlist.strings in Resources */,
			);
			runOnlyForDeploymentPostprocessing = 0;
		};
/* End PBXResourcesBuildPhase section */

/* Begin PBXSourcesBuildPhase section */
		883EBA1019C0C2CB00A0E8D8 /* Sources */ = {
			isa = PBXSourcesBuildPhase;
			buildActionMask = 2147483647;
			files = (
				883EBA2419C0C2CB00A0E8D8 /* main.m in Sources */,
				883EBA2819C0C2CB00A0E8D8 /* TrailAppDelegate.m in Sources */,
				883EBA2E19C0C2CC00A0E8D8 /* TrailViewController.m in Sources */,
			);
			runOnlyForDeploymentPostprocessing = 0;
		};
		883EBA3119C0C2CC00A0E8D8 /* Sources */ = {
			isa = PBXSourcesBuildPhase;
			buildActionMask = 2147483647;
			files = (
				883EBA4319C0C2CC00A0E8D8 /* TrailTests.m in Sources */,
			);
			runOnlyForDeploymentPostprocessing = 0;
		};
/* End PBXSourcesBuildPhase section */

/* Begin PBXTargetDependency section */
		883EBA3B19C0C2CC00A0E8D8 /* PBXTargetDependency */ = {
			isa = PBXTargetDependency;
			target = 883EBA1319C0C2CB00A0E8D8 /* Trail */;
			targetProxy = 883EBA3A19C0C2CC00A0E8D8 /* PBXContainerItemProxy */;
		};
/* End PBXTargetDependency section */

/* Begin PBXVariantGroup section */
		883EBA2019C0C2CB00A0E8D8 /* InfoPlist.strings */ = {
			isa = PBXVariantGroup;
			children = (
				883EBA2119C0C2CB00A0E8D8 /* en */,
			);
			name = InfoPlist.strings;
			sourceTree = "<group>";
		};
		883EBA2919C0C2CB00A0E8D8 /* Main.storyboard */ = {
			isa = PBXVariantGroup;
			children = (
				883EBA2A19C0C2CB00A0E8D8 /* Base */,
			);
			name = Main.storyboard;
			sourceTree = "<group>";
		};
		883EBA3F19C0C2CC00A0E8D8 /* InfoPlist.strings */ = {
			isa = PBXVariantGroup;
			children = (
				883EBA4019C0C2CC00A0E8D8 /* en */,
			);
			name = InfoPlist.strings;
			sourceTree = "<group>";
		};
/* End PBXVariantGroup section */

/* Begin XCBuildConfiguration section */
		883EBA4419C0C2CC00A0E8D8 /* Debug */ = {
			isa = XCBuildConfiguration;
			buildSettings = {
				ALWAYS_SEARCH_USER_PATHS = NO;
				CLANG_CXX_LANGUAGE_STANDARD = "gnu++0x";
				CLANG_CXX_LIBRARY = "libc++";
				CLANG_ENABLE_MODULES = YES;
				CLANG_ENABLE_OBJC_ARC = YES;
				CLANG_WARN_BOOL_CONVERSION = YES;
				CLANG_WARN_CONSTANT_CONVERSION = YES;
				CLANG_WARN_DIRECT_OBJC_ISA_USAGE = YES_ERROR;
				CLANG_WARN_EMPTY_BODY = YES;
				CLANG_WARN_ENUM_CONVERSION = YES;
				CLANG_WARN_INT_CONVERSION = YES;
				CLANG_WARN_OBJC_ROOT_CLASS = YES_ERROR;
				CLANG_WARN__DUPLICATE_METHOD_MATCH = YES;
				"CODE_SIGN_IDENTITY[sdk=iphoneos*]" = "iPhone Developer";
				COPY_PHASE_STRIP = NO;
				GCC_C_LANGUAGE_STANDARD = gnu99;
				GCC_DYNAMIC_NO_PIC = NO;
				GCC_OPTIMIZATION_LEVEL = 0;
				GCC_PREPROCESSOR_DEFINITIONS = (
					"DEBUG=1",
					"$(inherited)",
				);
				GCC_SYMBOLS_PRIVATE_EXTERN = NO;
				GCC_WARN_64_TO_32_BIT_CONVERSION = YES;
				GCC_WARN_ABOUT_RETURN_TYPE = YES_ERROR;
				GCC_WARN_UNDECLARED_SELECTOR = YES;
				GCC_WARN_UNINITIALIZED_AUTOS = YES_AGGRESSIVE;
				GCC_WARN_UNUSED_FUNCTION = YES;
				GCC_WARN_UNUSED_VARIABLE = YES;
				IPHONEOS_DEPLOYMENT_TARGET = 7.1;
				ONLY_ACTIVE_ARCH = YES;
				SDKROOT = iphoneos;
			};
			name = Debug;
		};
		883EBA4519C0C2CC00A0E8D8 /* Release */ = {
			isa = XCBuildConfiguration;
			buildSettings = {
				ALWAYS_SEARCH_USER_PATHS = NO;
				CLANG_CXX_LANGUAGE_STANDARD = "gnu++0x";
				CLANG_CXX_LIBRARY = "libc++";
				CLANG_ENABLE_MODULES = YES;
				CLANG_ENABLE_OBJC_ARC = YES;
				CLANG_WARN_BOOL_CONVERSION = YES;
				CLANG_WARN_CONSTANT_CONVERSION = YES;
				CLANG_WARN_DIRECT_OBJC_ISA_USAGE = YES_ERROR;
				CLANG_WARN_EMPTY_BODY = YES;
				CLANG_WARN_ENUM_CONVERSION = YES;
				CLANG_WARN_INT_CONVERSION = YES;
				CLANG_WARN_OBJC_ROOT_CLASS = YES_ERROR;
				CLANG_WARN__DUPLICATE_METHOD_MATCH = YES;
				"CODE_SIGN_IDENTITY[sdk=iphoneos*]" = "iPhone Developer";
				COPY_PHASE_STRIP = YES;
				ENABLE_NS_ASSERTIONS = NO;
				GCC_C_LANGUAGE_STANDARD = gnu99;
				GCC_WARN_64_TO_32_BIT_CONVERSION = YES;
				GCC_WARN_ABOUT_RETURN_TYPE = YES_ERROR;
				GCC_WARN_UNDECLARED_SELECTOR = YES;
				GCC_WARN_UNINITIALIZED_AUTOS = YES_AGGRESSIVE;
				GCC_WARN_UNUSED_FUNCTION = YES;
				GCC_WARN_UNUSED_VARIABLE = YES;
				IPHONEOS_DEPLOYMENT_TARGET = 7.1;
				SDKROOT = iphoneos;
				VALIDATE_PRODUCT = YES;
			};
			name = Release;
		};
		883EBA4719C0C2CC00A0E8D8 /* Debug */ = {
			isa = XCBuildConfiguration;
			buildSettings = {
				ASSETCATALOG_COMPILER_APPICON_NAME = AppIcon;
				ASSETCATALOG_COMPILER_LAUNCHIMAGE_NAME = LaunchImage;
				GCC_PRECOMPILE_PREFIX_HEADER = YES;
				GCC_PREFIX_HEADER = "Trail/Trail-Prefix.pch";
				INFOPLIST_FILE = "Trail/Trail-Info.plist";
				IPHONEOS_DEPLOYMENT_TARGET = 7.0;
				PRODUCT_NAME = "$(TARGET_NAME)";
				WRAPPER_EXTENSION = app;
			};
			name = Debug;
		};
		883EBA4819C0C2CC00A0E8D8 /* Release */ = {
			isa = XCBuildConfiguration;
			buildSettings = {
				ASSETCATALOG_COMPILER_APPICON_NAME = AppIcon;
				ASSETCATALOG_COMPILER_LAUNCHIMAGE_NAME = LaunchImage;
				GCC_PRECOMPILE_PREFIX_HEADER = YES;
				GCC_PREFIX_HEADER = "Trail/Trail-Prefix.pch";
				INFOPLIST_FILE = "Trail/Trail-Info.plist";
				IPHONEOS_DEPLOYMENT_TARGET = 7.0;
				PRODUCT_NAME = "$(TARGET_NAME)";
				WRAPPER_EXTENSION = app;
			};
			name = Release;
		};
		883EBA4A19C0C2CC00A0E8D8 /* Debug */ = {
			isa = XCBuildConfiguration;
			buildSettings = {
				BUNDLE_LOADER = "$(BUILT_PRODUCTS_DIR)/Trail.app/Trail";
				FRAMEWORK_SEARCH_PATHS = (
					"$(SDKROOT)/Developer/Library/Frameworks",
					"$(inherited)",
					"$(DEVELOPER_FRAMEWORKS_DIR)",
				);
				GCC_PRECOMPILE_PREFIX_HEADER = YES;
				GCC_PREFIX_HEADER = "Trail/Trail-Prefix.pch";
				GCC_PREPROCESSOR_DEFINITIONS = (
					"DEBUG=1",
					"$(inherited)",
				);
				INFOPLIST_FILE = "TrailTests/TrailTests-Info.plist";
				PRODUCT_NAME = "$(TARGET_NAME)";
				TEST_HOST = "$(BUNDLE_LOADER)";
				WRAPPER_EXTENSION = xctest;
			};
			name = Debug;
		};
		883EBA4B19C0C2CC00A0E8D8 /* Release */ = {
			isa = XCBuildConfiguration;
			buildSettings = {
				BUNDLE_LOADER = "$(BUILT_PRODUCTS_DIR)/Trail.app/Trail";
				FRAMEWORK_SEARCH_PATHS = (
					"$(SDKROOT)/Developer/Library/Frameworks",
					"$(inherited)",
					"$(DEVELOPER_FRAMEWORKS_DIR)",
				);
				GCC_PRECOMPILE_PREFIX_HEADER = YES;
				GCC_PREFIX_HEADER = "Trail/Trail-Prefix.pch";
				INFOPLIST_FILE = "TrailTests/TrailTests-Info.plist";
				PRODUCT_NAME = "$(TARGET_NAME)";
				TEST_HOST = "$(BUNDLE_LOADER)";
				WRAPPER_EXTENSION = xctest;
			};
			name = Release;
		};
/* End XCBuildConfiguration section */

/* Begin XCConfigurationList section */
		883EBA0F19C0C2CB00A0E8D8 /* Build configuration list for PBXProject "Trail" */ = {
			isa = XCConfigurationList;
			buildConfigurations = (
				883EBA4419C0C2CC00A0E8D8 /* Debug */,
				883EBA4519C0C2CC00A0E8D8 /* Release */,
			);
			defaultConfigurationIsVisible = 0;
			defaultConfigurationName = Release;
		};
		883EBA4619C0C2CC00A0E8D8 /* Build configuration list for PBXNativeTarget "Trail" */ = {
			isa = XCConfigurationList;
			buildConfigurations = (
				883EBA4719C0C2CC00A0E8D8 /* Debug */,
				883EBA4819C0C2CC00A0E8D8 /* Release */,
			);
			defaultConfigurationIsVisible = 0;
		};
		883EBA4919C0C2CC00A0E8D8 /* Build configuration list for PBXNativeTarget "TrailTests" */ = {
			isa = XCConfigurationList;
			buildConfigurations = (
				883EBA4A19C0C2CC00A0E8D8 /* Debug */,
				883EBA4B19C0C2CC00A0E8D8 /* Release */,
			);
			defaultConfigurationIsVisible = 0;
		};
/* End XCConfigurationList section */
	};
	rootObject = 883EBA0C19C0C2CB00A0E8D8 /* Project object */;
}
